// !$*UTF8*$!
{
	archiveVersion = 1;
	classes = {
	};
	objectVersion = 46;
	objects = {

/* Begin PBXBuildFile section */
		ED0EDE441747D4A500552636 /* TestScrollViewController.m in Sources */ = {isa = PBXBuildFile; fileRef = ED0EDE431747D4A500552636 /* TestScrollViewController.m */; };
		ED108D8C1733AE63000448A2 /* AdoptViewController.m in Sources */ = {isa = PBXBuildFile; fileRef = ED108D8B1733AE63000448A2 /* AdoptViewController.m */; };
		ED108D8F1733AE6E000448A2 /* DonateViewController.m in Sources */ = {isa = PBXBuildFile; fileRef = ED108D8E1733AE6E000448A2 /* DonateViewController.m */; };
		ED2C2B7017451F8100E23DE0 /* MainStoryboard_iPhone.storyboard in Resources */ = {isa = PBXBuildFile; fileRef = ED2C2B6E17451F8100E23DE0 /* MainStoryboard_iPhone.storyboard */; };
		ED89D7EF1733BDB8007CEDDA /* DateViewController.m in Sources */ = {isa = PBXBuildFile; fileRef = ED89D7EE1733BDB8007CEDDA /* DateViewController.m */; };
		ED89D7F81733FAEA007CEDDA /* UserViewController.m in Sources */ = {isa = PBXBuildFile; fileRef = ED89D7F71733FAEA007CEDDA /* UserViewController.m */; };
		ED8D318D1736B22D0092DFF7 /* VideosTableViewController.m in Sources */ = {isa = PBXBuildFile; fileRef = ED8D318C1736B22D0092DFF7 /* VideosTableViewController.m */; };
		ED8D31931736D26E0092DFF7 /* CustomCell.m in Sources */ = {isa = PBXBuildFile; fileRef = ED8D31921736D26E0092DFF7 /* CustomCell.m */; };
		ED91B6ED174583900029D014 /* JsonAppointmentModel.m in Sources */ = {isa = PBXBuildFile; fileRef = ED91B6EC174583900029D014 /* JsonAppointmentModel.m */; };
		ED91B6F017458F500029D014 /* UserEmailPhoneViewController.m in Sources */ = {isa = PBXBuildFile; fileRef = ED91B6EF17458F500029D014 /* UserEmailPhoneViewController.m */; };
		ED920A9D174112470072315D /* LBYouTubeExtractor.m in Sources */ = {isa = PBXBuildFile; fileRef = ED920A88174112470072315D /* LBYouTubeExtractor.m */; };
		ED920A9E174112470072315D /* LBYouTubePlayerController.m in Sources */ = {isa = PBXBuildFile; fileRef = ED920A8A174112470072315D /* LBYouTubePlayerController.m */; };
		ED9263111726DE6600569E0F /* UIKit.framework in Frameworks */ = {isa = PBXBuildFile; fileRef = ED9263101726DE6600569E0F /* UIKit.framework */; };
		ED9263131726DE6600569E0F /* Foundation.framework in Frameworks */ = {isa = PBXBuildFile; fileRef = ED9263121726DE6600569E0F /* Foundation.framework */; };
		ED9263151726DE6600569E0F /* CoreGraphics.framework in Frameworks */ = {isa = PBXBuildFile; fileRef = ED9263141726DE6600569E0F /* CoreGraphics.framework */; };
		ED92631B1726DE6600569E0F /* InfoPlist.strings in Resources */ = {isa = PBXBuildFile; fileRef = ED9263191726DE6600569E0F /* InfoPlist.strings */; };
		ED92631D1726DE6600569E0F /* main.m in Sources */ = {isa = PBXBuildFile; fileRef = ED92631C1726DE6600569E0F /* main.m */; };
		ED9263211726DE6600569E0F /* AppDelegate.m in Sources */ = {isa = PBXBuildFile; fileRef = ED9263201726DE6600569E0F /* AppDelegate.m */; };
		ED9263231726DE6600569E0F /* Default.png in Resources */ = {isa = PBXBuildFile; fileRef = ED9263221726DE6600569E0F /* Default.png */; };
		ED9263251726DE6600569E0F /* Default@2x.png in Resources */ = {isa = PBXBuildFile; fileRef = ED9263241726DE6600569E0F /* Default@2x.png */; };
		ED9263271726DE6600569E0F /* Default-568h@2x.png in Resources */ = {isa = PBXBuildFile; fileRef = ED9263261726DE6600569E0F /* Default-568h@2x.png */; };
		ED9263301726DE6600569E0F /* ViewController.m in Sources */ = {isa = PBXBuildFile; fileRef = ED92632F1726DE6600569E0F /* ViewController.m */; };
		ED9263381726DE6600569E0F /* SenTestingKit.framework in Frameworks */ = {isa = PBXBuildFile; fileRef = ED9263371726DE6600569E0F /* SenTestingKit.framework */; };
		ED9263391726DE6600569E0F /* UIKit.framework in Frameworks */ = {isa = PBXBuildFile; fileRef = ED9263101726DE6600569E0F /* UIKit.framework */; };
		ED92633A1726DE6600569E0F /* Foundation.framework in Frameworks */ = {isa = PBXBuildFile; fileRef = ED9263121726DE6600569E0F /* Foundation.framework */; };
		ED9263421726DE6600569E0F /* InfoPlist.strings in Resources */ = {isa = PBXBuildFile; fileRef = ED9263401726DE6600569E0F /* InfoPlist.strings */; };
		ED9263451726DE6600569E0F /* PetRouletteTests.m in Sources */ = {isa = PBXBuildFile; fileRef = ED9263441726DE6600569E0F /* PetRouletteTests.m */; };
		ED92635C1726DEA100569E0F /* Appointment.m in Sources */ = {isa = PBXBuildFile; fileRef = ED92634F1726DEA100569E0F /* Appointment.m */; };
		ED92635D1726DEA100569E0F /* GenericParser.m in Sources */ = {isa = PBXBuildFile; fileRef = ED9263511726DEA100569E0F /* GenericParser.m */; };
		ED92635E1726DEA100569E0F /* JsonDetailsModel.m in Sources */ = {isa = PBXBuildFile; fileRef = ED9263531726DEA100569E0F /* JsonDetailsModel.m */; };
		ED92635F1726DEA100569E0F /* JsonRandomModel.m in Sources */ = {isa = PBXBuildFile; fileRef = ED9263551726DEA100569E0F /* JsonRandomModel.m */; };
		ED9263601726DEA100569E0F /* Pet.m in Sources */ = {isa = PBXBuildFile; fileRef = ED9263571726DEA100569E0F /* Pet.m */; };
		ED9263611726DEA100569E0F /* PetParser.m in Sources */ = {isa = PBXBuildFile; fileRef = ED9263591726DEA100569E0F /* PetParser.m */; };
		ED9263621726DEA100569E0F /* Video.m in Sources */ = {isa = PBXBuildFile; fileRef = ED92635B1726DEA100569E0F /* Video.m */; };
		ED9263641726E15E00569E0F /* MediaPlayer.framework in Frameworks */ = {isa = PBXBuildFile; fileRef = ED9263631726E15E00569E0F /* MediaPlayer.framework */; };
		EDD45B2717301126007D4E1E /* DetailsViewController.m in Sources */ = {isa = PBXBuildFile; fileRef = EDD45B2617301126007D4E1E /* DetailsViewController.m */; };
/* End PBXBuildFile section */

/* Begin PBXContainerItemProxy section */
		ED92633B1726DE6600569E0F /* PBXContainerItemProxy */ = {
			isa = PBXContainerItemProxy;
			containerPortal = ED9263051726DE6600569E0F /* Project object */;
			proxyType = 1;
			remoteGlobalIDString = ED92630C1726DE6600569E0F;
			remoteInfo = PetRoulette;
		};
/* End PBXContainerItemProxy section */

/* Begin PBXFileReference section */
		ED0EDE421747D4A500552636 /* TestScrollViewController.h */ = {isa = PBXFileReference; fileEncoding = 4; lastKnownFileType = sourcecode.c.h; path = TestScrollViewController.h; sourceTree = "<group>"; };
		ED0EDE431747D4A500552636 /* TestScrollViewController.m */ = {isa = PBXFileReference; fileEncoding = 4; lastKnownFileType = sourcecode.c.objc; path = TestScrollViewController.m; sourceTree = "<group>"; };
		ED108D8A1733AE63000448A2 /* AdoptViewController.h */ = {isa = PBXFileReference; fileEncoding = 4; lastKnownFileType = sourcecode.c.h; path = AdoptViewController.h; sourceTree = "<group>"; };
		ED108D8B1733AE63000448A2 /* AdoptViewController.m */ = {isa = PBXFileReference; fileEncoding = 4; lastKnownFileType = sourcecode.c.objc; path = AdoptViewController.m; sourceTree = "<group>"; };
		ED108D8D1733AE6E000448A2 /* DonateViewController.h */ = {isa = PBXFileReference; fileEncoding = 4; lastKnownFileType = sourcecode.c.h; path = DonateViewController.h; sourceTree = "<group>"; };
		ED108D8E1733AE6E000448A2 /* DonateViewController.m */ = {isa = PBXFileReference; fileEncoding = 4; lastKnownFileType = sourcecode.c.objc; path = DonateViewController.m; sourceTree = "<group>"; };
		ED2C2B6F17451F8100E23DE0 /* en */ = {isa = PBXFileReference; lastKnownFileType = file.storyboard; name = en; path = PetRoulette/en.lproj/MainStoryboard_iPhone.storyboard; sourceTree = "<group>"; };
		ED89D7ED1733BDB8007CEDDA /* DateViewController.h */ = {isa = PBXFileReference; fileEncoding = 4; lastKnownFileType = sourcecode.c.h; path = DateViewController.h; sourceTree = "<group>"; };
		ED89D7EE1733BDB8007CEDDA /* DateViewController.m */ = {isa = PBXFileReference; fileEncoding = 4; lastKnownFileType = sourcecode.c.objc; path = DateViewController.m; sourceTree = "<group>"; };
		ED89D7F61733FAEA007CEDDA /* UserViewController.h */ = {isa = PBXFileReference; fileEncoding = 4; lastKnownFileType = sourcecode.c.h; path = UserViewController.h; sourceTree = "<group>"; };
		ED89D7F71733FAEA007CEDDA /* UserViewController.m */ = {isa = PBXFileReference; fileEncoding = 4; lastKnownFileType = sourcecode.c.objc; path = UserViewController.m; sourceTree = "<group>"; };
		ED8D318B1736B22D0092DFF7 /* VideosTableViewController.h */ = {isa = PBXFileReference; fileEncoding = 4; lastKnownFileType = sourcecode.c.h; path = VideosTableViewController.h; sourceTree = "<group>"; };
		ED8D318C1736B22D0092DFF7 /* VideosTableViewController.m */ = {isa = PBXFileReference; fileEncoding = 4; lastKnownFileType = sourcecode.c.objc; path = VideosTableViewController.m; sourceTree = "<group>"; };
		ED8D31911736D26E0092DFF7 /* CustomCell.h */ = {isa = PBXFileReference; fileEncoding = 4; lastKnownFileType = sourcecode.c.h; path = CustomCell.h; sourceTree = "<group>"; };
		ED8D31921736D26E0092DFF7 /* CustomCell.m */ = {isa = PBXFileReference; fileEncoding = 4; lastKnownFileType = sourcecode.c.objc; path = CustomCell.m; sourceTree = "<group>"; };
		ED91B6EB174583900029D014 /* JsonAppointmentModel.h */ = {isa = PBXFileReference; fileEncoding = 4; lastKnownFileType = sourcecode.c.h; path = JsonAppointmentModel.h; sourceTree = "<group>"; };
		ED91B6EC174583900029D014 /* JsonAppointmentModel.m */ = {isa = PBXFileReference; fileEncoding = 4; lastKnownFileType = sourcecode.c.objc; path = JsonAppointmentModel.m; sourceTree = "<group>"; };
		ED91B6EE17458F500029D014 /* UserEmailPhoneViewController.h */ = {isa = PBXFileReference; fileEncoding = 4; lastKnownFileType = sourcecode.c.h; path = UserEmailPhoneViewController.h; sourceTree = "<group>"; };
		ED91B6EF17458F500029D014 /* UserEmailPhoneViewController.m */ = {isa = PBXFileReference; fileEncoding = 4; lastKnownFileType = sourcecode.c.objc; path = UserEmailPhoneViewController.m; sourceTree = "<group>"; };
		ED920A86174112470072315D /* LBYouTube.h */ = {isa = PBXFileReference; fileEncoding = 4; lastKnownFileType = sourcecode.c.h; path = LBYouTube.h; sourceTree = "<group>"; };
		ED920A87174112470072315D /* LBYouTubeExtractor.h */ = {isa = PBXFileReference; fileEncoding = 4; lastKnownFileType = sourcecode.c.h; path = LBYouTubeExtractor.h; sourceTree = "<group>"; };
		ED920A88174112470072315D /* LBYouTubeExtractor.m */ = {isa = PBXFileReference; fileEncoding = 4; lastKnownFileType = sourcecode.c.objc; path = LBYouTubeExtractor.m; sourceTree = "<group>"; };
		ED920A89174112470072315D /* LBYouTubePlayerController.h */ = {isa = PBXFileReference; fileEncoding = 4; lastKnownFileType = sourcecode.c.h; path = LBYouTubePlayerController.h; sourceTree = "<group>"; };
		ED920A8A174112470072315D /* LBYouTubePlayerController.m */ = {isa = PBXFileReference; fileEncoding = 4; lastKnownFileType = sourcecode.c.objc; path = LBYouTubePlayerController.m; sourceTree = "<group>"; };
		ED92630D1726DE6600569E0F /* PetRoulette.app */ = {isa = PBXFileReference; explicitFileType = wrapper.application; includeInIndex = 0; path = PetRoulette.app; sourceTree = BUILT_PRODUCTS_DIR; };
		ED9263101726DE6600569E0F /* UIKit.framework */ = {isa = PBXFileReference; lastKnownFileType = wrapper.framework; name = UIKit.framework; path = System/Library/Frameworks/UIKit.framework; sourceTree = SDKROOT; };
		ED9263121726DE6600569E0F /* Foundation.framework */ = {isa = PBXFileReference; lastKnownFileType = wrapper.framework; name = Foundation.framework; path = System/Library/Frameworks/Foundation.framework; sourceTree = SDKROOT; };
		ED9263141726DE6600569E0F /* CoreGraphics.framework */ = {isa = PBXFileReference; lastKnownFileType = wrapper.framework; name = CoreGraphics.framework; path = System/Library/Frameworks/CoreGraphics.framework; sourceTree = SDKROOT; };
		ED9263181726DE6600569E0F /* PetRoulette-Info.plist */ = {isa = PBXFileReference; lastKnownFileType = text.plist.xml; path = "PetRoulette-Info.plist"; sourceTree = "<group>"; };
		ED92631A1726DE6600569E0F /* en */ = {isa = PBXFileReference; lastKnownFileType = text.plist.strings; name = en; path = en.lproj/InfoPlist.strings; sourceTree = "<group>"; };
		ED92631C1726DE6600569E0F /* main.m */ = {isa = PBXFileReference; lastKnownFileType = sourcecode.c.objc; path = main.m; sourceTree = "<group>"; };
		ED92631E1726DE6600569E0F /* PetRoulette-Prefix.pch */ = {isa = PBXFileReference; lastKnownFileType = sourcecode.c.h; path = "PetRoulette-Prefix.pch"; sourceTree = "<group>"; };
		ED92631F1726DE6600569E0F /* AppDelegate.h */ = {isa = PBXFileReference; lastKnownFileType = sourcecode.c.h; path = AppDelegate.h; sourceTree = "<group>"; };
		ED9263201726DE6600569E0F /* AppDelegate.m */ = {isa = PBXFileReference; lastKnownFileType = sourcecode.c.objc; path = AppDelegate.m; sourceTree = "<group>"; };
		ED9263221726DE6600569E0F /* Default.png */ = {isa = PBXFileReference; lastKnownFileType = image.png; path = Default.png; sourceTree = "<group>"; };
		ED9263241726DE6600569E0F /* Default@2x.png */ = {isa = PBXFileReference; lastKnownFileType = image.png; path = "Default@2x.png"; sourceTree = "<group>"; };
		ED9263261726DE6600569E0F /* Default-568h@2x.png */ = {isa = PBXFileReference; lastKnownFileType = image.png; path = "Default-568h@2x.png"; sourceTree = "<group>"; };
		ED92632E1726DE6600569E0F /* ViewController.h */ = {isa = PBXFileReference; lastKnownFileType = sourcecode.c.h; path = ViewController.h; sourceTree = "<group>"; };
		ED92632F1726DE6600569E0F /* ViewController.m */ = {isa = PBXFileReference; lastKnownFileType = sourcecode.c.objc; path = ViewController.m; sourceTree = "<group>"; };
		ED9263361726DE6600569E0F /* PetRouletteTests.octest */ = {isa = PBXFileReference; explicitFileType = wrapper.cfbundle; includeInIndex = 0; path = PetRouletteTests.octest; sourceTree = BUILT_PRODUCTS_DIR; };
		ED9263371726DE6600569E0F /* SenTestingKit.framework */ = {isa = PBXFileReference; lastKnownFileType = wrapper.framework; name = SenTestingKit.framework; path = Library/Frameworks/SenTestingKit.framework; sourceTree = DEVELOPER_DIR; };
		ED92633F1726DE6600569E0F /* PetRouletteTests-Info.plist */ = {isa = PBXFileReference; lastKnownFileType = text.plist.xml; path = "PetRouletteTests-Info.plist"; sourceTree = "<group>"; };
		ED9263411726DE6600569E0F /* en */ = {isa = PBXFileReference; lastKnownFileType = text.plist.strings; name = en; path = en.lproj/InfoPlist.strings; sourceTree = "<group>"; };
		ED9263431726DE6600569E0F /* PetRouletteTests.h */ = {isa = PBXFileReference; lastKnownFileType = sourcecode.c.h; path = PetRouletteTests.h; sourceTree = "<group>"; };
		ED9263441726DE6600569E0F /* PetRouletteTests.m */ = {isa = PBXFileReference; lastKnownFileType = sourcecode.c.objc; path = PetRouletteTests.m; sourceTree = "<group>"; };
		ED92634E1726DEA100569E0F /* Appointment.h */ = {isa = PBXFileReference; fileEncoding = 4; lastKnownFileType = sourcecode.c.h; name = Appointment.h; path = ../../../PetRoulette/Appointment.h; sourceTree = "<group>"; };
		ED92634F1726DEA100569E0F /* Appointment.m */ = {isa = PBXFileReference; fileEncoding = 4; lastKnownFileType = sourcecode.c.objc; name = Appointment.m; path = ../../../PetRoulette/Appointment.m; sourceTree = "<group>"; };
		ED9263501726DEA100569E0F /* GenericParser.h */ = {isa = PBXFileReference; fileEncoding = 4; lastKnownFileType = sourcecode.c.h; name = GenericParser.h; path = ../../../PetRoulette/GenericParser.h; sourceTree = "<group>"; };
		ED9263511726DEA100569E0F /* GenericParser.m */ = {isa = PBXFileReference; fileEncoding = 4; lastKnownFileType = sourcecode.c.objc; name = GenericParser.m; path = ../../../PetRoulette/GenericParser.m; sourceTree = "<group>"; };
		ED9263521726DEA100569E0F /* JsonDetailsModel.h */ = {isa = PBXFileReference; fileEncoding = 4; lastKnownFileType = sourcecode.c.h; name = JsonDetailsModel.h; path = ../../../PetRoulette/JsonDetailsModel.h; sourceTree = "<group>"; };
		ED9263531726DEA100569E0F /* JsonDetailsModel.m */ = {isa = PBXFileReference; fileEncoding = 4; lastKnownFileType = sourcecode.c.objc; name = JsonDetailsModel.m; path = ../../../PetRoulette/JsonDetailsModel.m; sourceTree = "<group>"; };
		ED9263541726DEA100569E0F /* JsonRandomModel.h */ = {isa = PBXFileReference; fileEncoding = 4; lastKnownFileType = sourcecode.c.h; name = JsonRandomModel.h; path = ../../../PetRoulette/JsonRandomModel.h; sourceTree = "<group>"; };
		ED9263551726DEA100569E0F /* JsonRandomModel.m */ = {isa = PBXFileReference; fileEncoding = 4; lastKnownFileType = sourcecode.c.objc; name = JsonRandomModel.m; path = ../../../PetRoulette/JsonRandomModel.m; sourceTree = "<group>"; };
		ED9263561726DEA100569E0F /* Pet.h */ = {isa = PBXFileReference; fileEncoding = 4; lastKnownFileType = sourcecode.c.h; name = Pet.h; path = ../../../PetRoulette/Pet.h; sourceTree = "<group>"; };
		ED9263571726DEA100569E0F /* Pet.m */ = {isa = PBXFileReference; fileEncoding = 4; lastKnownFileType = sourcecode.c.objc; name = Pet.m; path = ../../../PetRoulette/Pet.m; sourceTree = "<group>"; };
		ED9263581726DEA100569E0F /* PetParser.h */ = {isa = PBXFileReference; fileEncoding = 4; lastKnownFileType = sourcecode.c.h; name = PetParser.h; path = ../../../PetRoulette/PetParser.h; sourceTree = "<group>"; };
		ED9263591726DEA100569E0F /* PetParser.m */ = {isa = PBXFileReference; fileEncoding = 4; lastKnownFileType = sourcecode.c.objc; name = PetParser.m; path = ../../../PetRoulette/PetParser.m; sourceTree = "<group>"; };
		ED92635A1726DEA100569E0F /* Video.h */ = {isa = PBXFileReference; fileEncoding = 4; lastKnownFileType = sourcecode.c.h; name = Video.h; path = ../../../PetRoulette/Video.h; sourceTree = "<group>"; };
		ED92635B1726DEA100569E0F /* Video.m */ = {isa = PBXFileReference; fileEncoding = 4; lastKnownFileType = sourcecode.c.objc; name = Video.m; path = ../../../PetRoulette/Video.m; sourceTree = "<group>"; };
		ED9263631726E15E00569E0F /* MediaPlayer.framework */ = {isa = PBXFileReference; lastKnownFileType = wrapper.framework; name = MediaPlayer.framework; path = System/Library/Frameworks/MediaPlayer.framework; sourceTree = SDKROOT; };
		EDD45B2517301126007D4E1E /* DetailsViewController.h */ = {isa = PBXFileReference; fileEncoding = 4; lastKnownFileType = sourcecode.c.h; path = DetailsViewController.h; sourceTree = "<group>"; };
		EDD45B2617301126007D4E1E /* DetailsViewController.m */ = {isa = PBXFileReference; fileEncoding = 4; lastKnownFileType = sourcecode.c.objc; path = DetailsViewController.m; sourceTree = "<group>"; };
/* End PBXFileReference section */

/* Begin PBXFrameworksBuildPhase section */
		ED92630A1726DE6600569E0F /* Frameworks */ = {
			isa = PBXFrameworksBuildPhase;
			buildActionMask = 2147483647;
			files = (
				ED9263641726E15E00569E0F /* MediaPlayer.framework in Frameworks */,
				ED9263111726DE6600569E0F /* UIKit.framework in Frameworks */,
				ED9263131726DE6600569E0F /* Foundation.framework in Frameworks */,
				ED9263151726DE6600569E0F /* CoreGraphics.framework in Frameworks */,
			);
			runOnlyForDeploymentPostprocessing = 0;
		};
		ED9263321726DE6600569E0F /* Frameworks */ = {
			isa = PBXFrameworksBuildPhase;
			buildActionMask = 2147483647;
			files = (
				ED9263381726DE6600569E0F /* SenTestingKit.framework in Frameworks */,
				ED9263391726DE6600569E0F /* UIKit.framework in Frameworks */,
				ED92633A1726DE6600569E0F /* Foundation.framework in Frameworks */,
			);
			runOnlyForDeploymentPostprocessing = 0;
		};
/* End PBXFrameworksBuildPhase section */

/* Begin PBXGroup section */
		ED920A85174112470072315D /* LBYouTubeView */ = {
			isa = PBXGroup;
			children = (
				ED920A86174112470072315D /* LBYouTube.h */,
				ED920A87174112470072315D /* LBYouTubeExtractor.h */,
				ED920A88174112470072315D /* LBYouTubeExtractor.m */,
				ED920A89174112470072315D /* LBYouTubePlayerController.h */,
				ED920A8A174112470072315D /* LBYouTubePlayerController.m */,
			);
			name = LBYouTubeView;
			path = "../../../../Downloads/LBYouTubeView-master/LBYouTubeView";
			sourceTree = "<group>";
		};
		ED9263041726DE6600569E0F = {
			isa = PBXGroup;
			children = (
				ED9263631726E15E00569E0F /* MediaPlayer.framework */,
				ED9263161726DE6600569E0F /* PetRoulette */,
				ED92633D1726DE6600569E0F /* PetRouletteTests */,
				ED92630F1726DE6600569E0F /* Frameworks */,
				ED92630E1726DE6600569E0F /* Products */,
			);
			sourceTree = "<group>";
		};
		ED92630E1726DE6600569E0F /* Products */ = {
			isa = PBXGroup;
			children = (
				ED92630D1726DE6600569E0F /* PetRoulette.app */,
				ED9263361726DE6600569E0F /* PetRouletteTests.octest */,
			);
			name = Products;
			sourceTree = "<group>";
		};
		ED92630F1726DE6600569E0F /* Frameworks */ = {
			isa = PBXGroup;
			children = (
				ED9263101726DE6600569E0F /* UIKit.framework */,
				ED9263121726DE6600569E0F /* Foundation.framework */,
				ED9263141726DE6600569E0F /* CoreGraphics.framework */,
				ED9263371726DE6600569E0F /* SenTestingKit.framework */,
			);
			name = Frameworks;
			sourceTree = "<group>";
		};
		ED9263161726DE6600569E0F /* PetRoulette */ = {
			isa = PBXGroup;
			children = (
				EDB80FA217294FEA0008D7EB /* Model */,
				EDB80FA317294FF30008D7EB /* Controller */,
				ED2C2B6E17451F8100E23DE0 /* MainStoryboard_iPhone.storyboard */,
				ED92631F1726DE6600569E0F /* AppDelegate.h */,
				ED9263201726DE6600569E0F /* AppDelegate.m */,
				ED9263171726DE6600569E0F /* Supporting Files */,
			);
			path = PetRoulette;
			sourceTree = "<group>";
		};
		ED9263171726DE6600569E0F /* Supporting Files */ = {
			isa = PBXGroup;
			children = (
				ED9263181726DE6600569E0F /* PetRoulette-Info.plist */,
				ED9263191726DE6600569E0F /* InfoPlist.strings */,
				ED92631C1726DE6600569E0F /* main.m */,
				ED92631E1726DE6600569E0F /* PetRoulette-Prefix.pch */,
				ED9263221726DE6600569E0F /* Default.png */,
				ED9263241726DE6600569E0F /* Default@2x.png */,
				ED9263261726DE6600569E0F /* Default-568h@2x.png */,
			);
			name = "Supporting Files";
			sourceTree = "<group>";
		};
		ED92633D1726DE6600569E0F /* PetRouletteTests */ = {
			isa = PBXGroup;
			children = (
				ED9263431726DE6600569E0F /* PetRouletteTests.h */,
				ED9263441726DE6600569E0F /* PetRouletteTests.m */,
				ED92633E1726DE6600569E0F /* Supporting Files */,
			);
			path = PetRouletteTests;
			sourceTree = "<group>";
		};
		ED92633E1726DE6600569E0F /* Supporting Files */ = {
			isa = PBXGroup;
			children = (
				ED92633F1726DE6600569E0F /* PetRouletteTests-Info.plist */,
				ED9263401726DE6600569E0F /* InfoPlist.strings */,
			);
			name = "Supporting Files";
			sourceTree = "<group>";
		};
		EDB80FA217294FEA0008D7EB /* Model */ = {
			isa = PBXGroup;
			children = (
				ED8D31911736D26E0092DFF7 /* CustomCell.h */,
				ED8D31921736D26E0092DFF7 /* CustomCell.m */,
				ED92634E1726DEA100569E0F /* Appointment.h */,
				ED92634F1726DEA100569E0F /* Appointment.m */,
				ED9263561726DEA100569E0F /* Pet.h */,
				ED9263571726DEA100569E0F /* Pet.m */,
				ED92635A1726DEA100569E0F /* Video.h */,
				ED92635B1726DEA100569E0F /* Video.m */,
				EDB80FA5172950860008D7EB /* YouTube */,
				EDB80FA4172950050008D7EB /* Parser */,
			);
			name = Model;
			sourceTree = "<group>";
		};
		EDB80FA317294FF30008D7EB /* Controller */ = {
			isa = PBXGroup;
			children = (
				EDE524131734FD6E00171D1F /* Random-Next */,
				EDE524141734FD8800171D1F /* Details */,
				EDE524151734FDA500171D1F /* Adopt */,
				EDE524161734FDDB00171D1F /* Donate */,
				ED0EDE421747D4A500552636 /* TestScrollViewController.h */,
				ED0EDE431747D4A500552636 /* TestScrollViewController.m */,
			);
			name = Controller;
			sourceTree = "<group>";
		};
		EDB80FA4172950050008D7EB /* Parser */ = {
			isa = PBXGroup;
			children = (
				ED91B6EB174583900029D014 /* JsonAppointmentModel.h */,
				ED91B6EC174583900029D014 /* JsonAppointmentModel.m */,
				ED9263521726DEA100569E0F /* JsonDetailsModel.h */,
				ED9263531726DEA100569E0F /* JsonDetailsModel.m */,
				ED9263541726DEA100569E0F /* JsonRandomModel.h */,
				ED9263551726DEA100569E0F /* JsonRandomModel.m */,
				ED9263501726DEA100569E0F /* GenericParser.h */,
				ED9263511726DEA100569E0F /* GenericParser.m */,
				ED9263581726DEA100569E0F /* PetParser.h */,
				ED9263591726DEA100569E0F /* PetParser.m */,
			);
			name = Parser;
			sourceTree = "<group>";
		};
		EDB80FA5172950860008D7EB /* YouTube */ = {
			isa = PBXGroup;
			children = (
				ED920A85174112470072315D /* LBYouTubeView */,
			);
			name = YouTube;
			sourceTree = "<group>";
		};
		EDE524131734FD6E00171D1F /* Random-Next */ = {
			isa = PBXGroup;
			children = (
				ED92632E1726DE6600569E0F /* ViewController.h */,
				ED92632F1726DE6600569E0F /* ViewController.m */,
			);
			name = "Random-Next";
			sourceTree = "<group>";
		};
		EDE524141734FD8800171D1F /* Details */ = {
			isa = PBXGroup;
			children = (
				EDD45B2517301126007D4E1E /* DetailsViewController.h */,
				EDD45B2617301126007D4E1E /* DetailsViewController.m */,
				ED8D318B1736B22D0092DFF7 /* VideosTableViewController.h */,
				ED8D318C1736B22D0092DFF7 /* VideosTableViewController.m */,
			);
			name = Details;
			sourceTree = "<group>";
		};
		EDE524151734FDA500171D1F /* Adopt */ = {
			isa = PBXGroup;
			children = (
				ED89D7F61733FAEA007CEDDA /* UserViewController.h */,
				ED89D7F71733FAEA007CEDDA /* UserViewController.m */,
				ED89D7ED1733BDB8007CEDDA /* DateViewController.h */,
				ED89D7EE1733BDB8007CEDDA /* DateViewController.m */,
				ED108D8A1733AE63000448A2 /* AdoptViewController.h */,
				ED108D8B1733AE63000448A2 /* AdoptViewController.m */,
				ED91B6EE17458F500029D014 /* UserEmailPhoneViewController.h */,
				ED91B6EF17458F500029D014 /* UserEmailPhoneViewController.m */,
			);
			name = Adopt;
			sourceTree = "<group>";
		};
		EDE524161734FDDB00171D1F /* Donate */ = {
			isa = PBXGroup;
			children = (
				ED108D8D1733AE6E000448A2 /* DonateViewController.h */,
				ED108D8E1733AE6E000448A2 /* DonateViewController.m */,
			);
			name = Donate;
			sourceTree = "<group>";
		};
/* End PBXGroup section */

/* Begin PBXNativeTarget section */
		ED92630C1726DE6600569E0F /* PetRoulette */ = {
			isa = PBXNativeTarget;
			buildConfigurationList = ED9263481726DE6600569E0F /* Build configuration list for PBXNativeTarget "PetRoulette" */;
			buildPhases = (
				ED9263091726DE6600569E0F /* Sources */,
				ED92630A1726DE6600569E0F /* Frameworks */,
				ED92630B1726DE6600569E0F /* Resources */,
			);
			buildRules = (
			);
			dependencies = (
			);
			name = PetRoulette;
			productName = PetRoulette;
			productReference = ED92630D1726DE6600569E0F /* PetRoulette.app */;
			productType = "com.apple.product-type.application";
		};
		ED9263351726DE6600569E0F /* PetRouletteTests */ = {
			isa = PBXNativeTarget;
			buildConfigurationList = ED92634B1726DE6600569E0F /* Build configuration list for PBXNativeTarget "PetRouletteTests" */;
			buildPhases = (
				ED9263311726DE6600569E0F /* Sources */,
				ED9263321726DE6600569E0F /* Frameworks */,
				ED9263331726DE6600569E0F /* Resources */,
				ED9263341726DE6600569E0F /* ShellScript */,
			);
			buildRules = (
			);
			dependencies = (
				ED92633C1726DE6600569E0F /* PBXTargetDependency */,
			);
			name = PetRouletteTests;
			productName = PetRouletteTests;
			productReference = ED9263361726DE6600569E0F /* PetRouletteTests.octest */;
			productType = "com.apple.product-type.bundle";
		};
/* End PBXNativeTarget section */

/* Begin PBXProject section */
		ED9263051726DE6600569E0F /* Project object */ = {
			isa = PBXProject;
			attributes = {
				LastUpgradeCheck = 0460;
				ORGANIZATIONNAME = "IGPROJ-MAC01";
			};
			buildConfigurationList = ED9263081726DE6600569E0F /* Build configuration list for PBXProject "PetRoulette" */;
			compatibilityVersion = "Xcode 3.2";
			developmentRegion = English;
			hasScannedForEncodings = 0;
			knownRegions = (
				en,
			);
			mainGroup = ED9263041726DE6600569E0F;
			productRefGroup = ED92630E1726DE6600569E0F /* Products */;
			projectDirPath = "";
			projectRoot = "";
			targets = (
				ED92630C1726DE6600569E0F /* PetRoulette */,
				ED9263351726DE6600569E0F /* PetRouletteTests */,
			);
		};
/* End PBXProject section */

/* Begin PBXResourcesBuildPhase section */
		ED92630B1726DE6600569E0F /* Resources */ = {
			isa = PBXResourcesBuildPhase;
			buildActionMask = 2147483647;
			files = (
				ED92631B1726DE6600569E0F /* InfoPlist.strings in Resources */,
				ED9263231726DE6600569E0F /* Default.png in Resources */,
				ED9263251726DE6600569E0F /* Default@2x.png in Resources */,
				ED9263271726DE6600569E0F /* Default-568h@2x.png in Resources */,
				ED2C2B7017451F8100E23DE0 /* MainStoryboard_iPhone.storyboard in Resources */,
			);
			runOnlyForDeploymentPostprocessing = 0;
		};
		ED9263331726DE6600569E0F /* Resources */ = {
			isa = PBXResourcesBuildPhase;
			buildActionMask = 2147483647;
			files = (
				ED9263421726DE6600569E0F /* InfoPlist.strings in Resources */,
			);
			runOnlyForDeploymentPostprocessing = 0;
		};
/* End PBXResourcesBuildPhase section */

/* Begin PBXShellScriptBuildPhase section */
		ED9263341726DE6600569E0F /* ShellScript */ = {
			isa = PBXShellScriptBuildPhase;
			buildActionMask = 2147483647;
			files = (
			);
			inputPaths = (
			);
			outputPaths = (
			);
			runOnlyForDeploymentPostprocessing = 0;
			shellPath = /bin/sh;
			shellScript = "# Run the unit tests in this test bundle.\n\"${SYSTEM_DEVELOPER_DIR}/Tools/RunUnitTests\"\n";
		};
/* End PBXShellScriptBuildPhase section */

/* Begin PBXSourcesBuildPhase section */
		ED9263091726DE6600569E0F /* Sources */ = {
			isa = PBXSourcesBuildPhase;
			buildActionMask = 2147483647;
			files = (
				ED92631D1726DE6600569E0F /* main.m in Sources */,
				ED9263211726DE6600569E0F /* AppDelegate.m in Sources */,
				ED9263301726DE6600569E0F /* ViewController.m in Sources */,
				ED92635C1726DEA100569E0F /* Appointment.m in Sources */,
				ED92635D1726DEA100569E0F /* GenericParser.m in Sources */,
				ED92635E1726DEA100569E0F /* JsonDetailsModel.m in Sources */,
				ED92635F1726DEA100569E0F /* JsonRandomModel.m in Sources */,
				ED9263601726DEA100569E0F /* Pet.m in Sources */,
				ED9263611726DEA100569E0F /* PetParser.m in Sources */,
				ED9263621726DEA100569E0F /* Video.m in Sources */,
				EDD45B2717301126007D4E1E /* DetailsViewController.m in Sources */,
				ED108D8C1733AE63000448A2 /* AdoptViewController.m in Sources */,
				ED108D8F1733AE6E000448A2 /* DonateViewController.m in Sources */,
				ED89D7EF1733BDB8007CEDDA /* DateViewController.m in Sources */,
				ED89D7F81733FAEA007CEDDA /* UserViewController.m in Sources */,
				ED8D318D1736B22D0092DFF7 /* VideosTableViewController.m in Sources */,
				ED8D31931736D26E0092DFF7 /* CustomCell.m in Sources */,
				ED920A9D174112470072315D /* LBYouTubeExtractor.m in Sources */,
				ED920A9E174112470072315D /* LBYouTubePlayerController.m in Sources */,
				ED91B6ED174583900029D014 /* JsonAppointmentModel.m in Sources */,
				ED91B6F017458F500029D014 /* UserEmailPhoneViewController.m in Sources */,
				ED0EDE441747D4A500552636 /* TestScrollViewController.m in Sources */,
			);
			runOnlyForDeploymentPostprocessing = 0;
		};
		ED9263311726DE6600569E0F /* Sources */ = {
			isa = PBXSourcesBuildPhase;
			buildActionMask = 2147483647;
			files = (
				ED9263451726DE6600569E0F /* PetRouletteTests.m in Sources */,
			);
			runOnlyForDeploymentPostprocessing = 0;
		};
/* End PBXSourcesBuildPhase section */

/* Begin PBXTargetDependency section */
		ED92633C1726DE6600569E0F /* PBXTargetDependency */ = {
			isa = PBXTargetDependency;
			target = ED92630C1726DE6600569E0F /* PetRoulette */;
			targetProxy = ED92633B1726DE6600569E0F /* PBXContainerItemProxy */;
		};
/* End PBXTargetDependency section */

/* Begin PBXVariantGroup section */
		ED2C2B6E17451F8100E23DE0 /* MainStoryboard_iPhone.storyboard */ = {
			isa = PBXVariantGroup;
			children = (
				ED2C2B6F17451F8100E23DE0 /* en */,
			);
			name = MainStoryboard_iPhone.storyboard;
			path = ..;
			sourceTree = "<group>";
		};
		ED9263191726DE6600569E0F /* InfoPlist.strings */ = {
			isa = PBXVariantGroup;
			children = (
				ED92631A1726DE6600569E0F /* en */,
			);
			name = InfoPlist.strings;
			sourceTree = "<group>";
		};
		ED9263401726DE6600569E0F /* InfoPlist.strings */ = {
			isa = PBXVariantGroup;
			children = (
				ED9263411726DE6600569E0F /* en */,
			);
			name = InfoPlist.strings;
			sourceTree = "<group>";
		};
/* End PBXVariantGroup section */

/* Begin XCBuildConfiguration section */
		ED9263461726DE6600569E0F /* Debug */ = {
			isa = XCBuildConfiguration;
			buildSettings = {
				ALWAYS_SEARCH_USER_PATHS = NO;
				CLANG_CXX_LANGUAGE_STANDARD = "gnu++0x";
				CLANG_CXX_LIBRARY = "libc++";
				CLANG_ENABLE_OBJC_ARC = YES;
				CLANG_WARN_CONSTANT_CONVERSION = YES;
				CLANG_WARN_EMPTY_BODY = YES;
				CLANG_WARN_ENUM_CONVERSION = YES;
				CLANG_WARN_INT_CONVERSION = YES;
				CLANG_WARN__DUPLICATE_METHOD_MATCH = YES;
				"CODE_SIGN_IDENTITY[sdk=iphoneos*]" = "iPhone Developer";
				COPY_PHASE_STRIP = NO;
				GCC_C_LANGUAGE_STANDARD = gnu99;
				GCC_DYNAMIC_NO_PIC = NO;
				GCC_OPTIMIZATION_LEVEL = 0;
				GCC_PREPROCESSOR_DEFINITIONS = (
					"DEBUG=1",
					"$(inherited)",
				);
				GCC_SYMBOLS_PRIVATE_EXTERN = NO;
				GCC_WARN_ABOUT_RETURN_TYPE = YES;
				GCC_WARN_UNINITIALIZED_AUTOS = YES;
				GCC_WARN_UNUSED_VARIABLE = YES;
				IPHONEOS_DEPLOYMENT_TARGET = 6.1;
				ONLY_ACTIVE_ARCH = YES;
				SDKROOT = iphoneos;
				TARGETED_DEVICE_FAMILY = "1,2";
			};
			name = Debug;
		};
		ED9263471726DE6600569E0F /* Release */ = {
			isa = XCBuildConfiguration;
			buildSettings = {
				ALWAYS_SEARCH_USER_PATHS = NO;
				CLANG_CXX_LANGUAGE_STANDARD = "gnu++0x";
				CLANG_CXX_LIBRARY = "libc++";
				CLANG_ENABLE_OBJC_ARC = YES;
				CLANG_WARN_CONSTANT_CONVERSION = YES;
				CLANG_WARN_EMPTY_BODY = YES;
				CLANG_WARN_ENUM_CONVERSION = YES;
				CLANG_WARN_INT_CONVERSION = YES;
				CLANG_WARN__DUPLICATE_METHOD_MATCH = YES;
				"CODE_SIGN_IDENTITY[sdk=iphoneos*]" = "iPhone Developer";
				COPY_PHASE_STRIP = YES;
				GCC_C_LANGUAGE_STANDARD = gnu99;
				GCC_WARN_ABOUT_RETURN_TYPE = YES;
				GCC_WARN_UNINITIALIZED_AUTOS = YES;
				GCC_WARN_UNUSED_VARIABLE = YES;
				IPHONEOS_DEPLOYMENT_TARGET = 6.1;
				OTHER_CFLAGS = "-DNS_BLOCK_ASSERTIONS=1";
				SDKROOT = iphoneos;
				TARGETED_DEVICE_FAMILY = "1,2";
				VALIDATE_PRODUCT = YES;
			};
			name = Release;
		};
		ED9263491726DE6600569E0F /* Debug */ = {
			isa = XCBuildConfiguration;
			buildSettings = {
				GCC_PRECOMPILE_PREFIX_HEADER = YES;
				GCC_PREFIX_HEADER = "PetRoulette/PetRoulette-Prefix.pch";
				INFOPLIST_FILE = "PetRoulette/PetRoulette-Info.plist";
				IPHONEOS_DEPLOYMENT_TARGET = 6.1;
				PRODUCT_NAME = "$(TARGET_NAME)";
				TARGETED_DEVICE_FAMILY = 1;
				WRAPPER_EXTENSION = app;
			};
			name = Debug;
		};
		ED92634A1726DE6600569E0F /* Release */ = {
			isa = XCBuildConfiguration;
			buildSettings = {
				GCC_PRECOMPILE_PREFIX_HEADER = YES;
				GCC_PREFIX_HEADER = "PetRoulette/PetRoulette-Prefix.pch";
				INFOPLIST_FILE = "PetRoulette/PetRoulette-Info.plist";
				IPHONEOS_DEPLOYMENT_TARGET = 6.1;
				PRODUCT_NAME = "$(TARGET_NAME)";
				TARGETED_DEVICE_FAMILY = 1;
				WRAPPER_EXTENSION = app;
			};
			name = Release;
		};
		ED92634C1726DE6600569E0F /* Debug */ = {
			isa = XCBuildConfiguration;
			buildSettings = {
				BUNDLE_LOADER = "$(BUILT_PRODUCTS_DIR)/PetRoulette.app/PetRoulette";
				FRAMEWORK_SEARCH_PATHS = (
					"\"$(SDKROOT)/Developer/Library/Frameworks\"",
					"\"$(DEVELOPER_LIBRARY_DIR)/Frameworks\"",
				);
				GCC_PRECOMPILE_PREFIX_HEADER = YES;
				GCC_PREFIX_HEADER = "PetRoulette/PetRoulette-Prefix.pch";
				INFOPLIST_FILE = "PetRouletteTests/PetRouletteTests-Info.plist";
				PRODUCT_NAME = "$(TARGET_NAME)";
				TEST_HOST = "$(BUNDLE_LOADER)";
				WRAPPER_EXTENSION = octest;
			};
			name = Debug;
		};
		ED92634D1726DE6600569E0F /* Release */ = {
			isa = XCBuildConfiguration;
			buildSettings = {
				BUNDLE_LOADER = "$(BUILT_PRODUCTS_DIR)/PetRoulette.app/PetRoulette";
				FRAMEWORK_SEARCH_PATHS = (
					"\"$(SDKROOT)/Developer/Library/Frameworks\"",
					"\"$(DEVELOPER_LIBRARY_DIR)/Frameworks\"",
				);
				GCC_PRECOMPILE_PREFIX_HEADER = YES;
				GCC_PREFIX_HEADER = "PetRoulette/PetRoulette-Prefix.pch";
				INFOPLIST_FILE = "PetRouletteTests/PetRouletteTests-Info.plist";
				PRODUCT_NAME = "$(TARGET_NAME)";
				TEST_HOST = "$(BUNDLE_LOADER)";
				WRAPPER_EXTENSION = octest;
			};
			name = Release;
		};
/* End XCBuildConfiguration section */

/* Begin XCConfigurationList section */
		ED9263081726DE6600569E0F /* Build configuration list for PBXProject "PetRoulette" */ = {
			isa = XCConfigurationList;
			buildConfigurations = (
				ED9263461726DE6600569E0F /* Debug */,
				ED9263471726DE6600569E0F /* Release */,
			);
			defaultConfigurationIsVisible = 0;
			defaultConfigurationName = Release;
		};
		ED9263481726DE6600569E0F /* Build configuration list for PBXNativeTarget "PetRoulette" */ = {
			isa = XCConfigurationList;
			buildConfigurations = (
				ED9263491726DE6600569E0F /* Debug */,
				ED92634A1726DE6600569E0F /* Release */,
			);
			defaultConfigurationIsVisible = 0;
			defaultConfigurationName = Release;
		};
		ED92634B1726DE6600569E0F /* Build configuration list for PBXNativeTarget "PetRouletteTests" */ = {
			isa = XCConfigurationList;
			buildConfigurations = (
				ED92634C1726DE6600569E0F /* Debug */,
				ED92634D1726DE6600569E0F /* Release */,
			);
			defaultConfigurationIsVisible = 0;
			defaultConfigurationName = Release;
		};
/* End XCConfigurationList section */
	};
	rootObject = ED9263051726DE6600569E0F /* Project object */;
}
